
Microsoft Visual Studio Solution File, Format Version 12.00
# Visual Studio Version 16
VisualStudioVersion = 16.0.29215.179
MinimumVisualStudioVersion = 10.0.40219.1
Project("{9A19103F-16F7-4668-BE54-9A1E7A4F7556}") = "EdgeProxy", "EdgeProxy\EdgeProxy.csproj", "{285B8E1D-F444-477B-9D10-51742174A08F}"
EndProject
Project("{9A19103F-16F7-4668-BE54-9A1E7A4F7556}") = "EdgeDeviceSimulator", "EdgeDeviceSimulator\EdgeDeviceSimulator.csproj", "{1E7C5E3F-73AB-44F6-9F8B-94F7965672C2}"
EndProject
Project("{9A19103F-16F7-4668-BE54-9A1E7A4F7556}") = "Model", "Model\Model.csproj", "{860571D4-297E-46F2-A19A-8BFFEC80C90A}"
EndProject
Project("{9A19103F-16F7-4668-BE54-9A1E7A4F7556}") = "CloudFsmApi", "CloudFsmApi\CloudFsmApi.csproj", "{05426EC1-A390-4C7D-A144-F507D02CFE15}"
EndProject
Project("{9A19103F-16F7-4668-BE54-9A1E7A4F7556}") = "CloudFsmProcessor", "CloudFsmProcessor\CloudFsmProcessor.csproj", "{6C22CEF5-993C-4B24-A0AE-AF5824568172}"
EndProject
Project("{9A19103F-16F7-4668-BE54-9A1E7A4F7556}") = "CloudFsm.UnitTests", "CloudFsm.UnitTests\CloudFsm.UnitTests.csproj", "{0A218720-2868-491E-B132-D465009CBC93}"
EndProject
Project("{151D2E53-A2C4-4D7D-83FE-D05416EBD58E}") = "RavenResourceGroup", "RavenResourceGroup\RavenResourceGroup.deployproj", "{1597F4D8-58F0-41D5-9EAD-D853E6995CEB}"
EndProject
Global
	GlobalSection(SolutionConfigurationPlatforms) = preSolution
		Debug|Any CPU = Debug|Any CPU
		Release|Any CPU = Release|Any CPU
	EndGlobalSection
	GlobalSection(ProjectConfigurationPlatforms) = postSolution
		{285B8E1D-F444-477B-9D10-51742174A08F}.Debug|Any CPU.ActiveCfg = Debug|Any CPU
		{285B8E1D-F444-477B-9D10-51742174A08F}.Debug|Any CPU.Build.0 = Debug|Any CPU
		{285B8E1D-F444-477B-9D10-51742174A08F}.Release|Any CPU.ActiveCfg = Release|Any CPU
		{285B8E1D-F444-477B-9D10-51742174A08F}.Release|Any CPU.Build.0 = Release|Any CPU
		{1E7C5E3F-73AB-44F6-9F8B-94F7965672C2}.Debug|Any CPU.ActiveCfg = Debug|Any CPU
		{1E7C5E3F-73AB-44F6-9F8B-94F7965672C2}.Debug|Any CPU.Build.0 = Debug|Any CPU
		{1E7C5E3F-73AB-44F6-9F8B-94F7965672C2}.Release|Any CPU.ActiveCfg = Release|Any CPU
		{1E7C5E3F-73AB-44F6-9F8B-94F7965672C2}.Release|Any CPU.Build.0 = Release|Any CPU
		{860571D4-297E-46F2-A19A-8BFFEC80C90A}.Debug|Any CPU.ActiveCfg = Debug|Any CPU
		{860571D4-297E-46F2-A19A-8BFFEC80C90A}.Debug|Any CPU.Build.0 = Debug|Any CPU
		{860571D4-297E-46F2-A19A-8BFFEC80C90A}.Release|Any CPU.ActiveCfg = Release|Any CPU
		{860571D4-297E-46F2-A19A-8BFFEC80C90A}.Release|Any CPU.Build.0 = Release|Any CPU
		{05426EC1-A390-4C7D-A144-F507D02CFE15}.Debug|Any CPU.ActiveCfg = Debug|Any CPU
		{05426EC1-A390-4C7D-A144-F507D02CFE15}.Debug|Any CPU.Build.0 = Debug|Any CPU
		{05426EC1-A390-4C7D-A144-F507D02CFE15}.Release|Any CPU.ActiveCfg = Release|Any CPU
		{05426EC1-A390-4C7D-A144-F507D02CFE15}.Release|Any CPU.Build.0 = Release|Any CPU
		{6C22CEF5-993C-4B24-A0AE-AF5824568172}.Debug|Any CPU.ActiveCfg = Debug|Any CPU
		{6C22CEF5-993C-4B24-A0AE-AF5824568172}.Debug|Any CPU.Build.0 = Debug|Any CPU
		{6C22CEF5-993C-4B24-A0AE-AF5824568172}.Release|Any CPU.ActiveCfg = Release|Any CPU
		{6C22CEF5-993C-4B24-A0AE-AF5824568172}.Release|Any CPU.Build.0 = Release|Any CPU
		{0A218720-2868-491E-B132-D465009CBC93}.Debug|Any CPU.ActiveCfg = Debug|Any CPU
		{0A218720-2868-491E-B132-D465009CBC93}.Debug|Any CPU.Build.0 = Debug|Any CPU
		{0A218720-2868-491E-B132-D465009CBC93}.Release|Any CPU.ActiveCfg = Release|Any CPU
		{0A218720-2868-491E-B132-D465009CBC93}.Release|Any CPU.Build.0 = Release|Any CPU
		{1597F4D8-58F0-41D5-9EAD-D853E6995CEB}.Debug|Any CPU.ActiveCfg = Debug|Any CPU
		{1597F4D8-58F0-41D5-9EAD-D853E6995CEB}.Debug|Any CPU.Build.0 = Debug|Any CPU
		{1597F4D8-58F0-41D5-9EAD-D853E6995CEB}.Release|Any CPU.ActiveCfg = Release|Any CPU
		{1597F4D8-58F0-41D5-9EAD-D853E6995CEB}.Release|Any CPU.Build.0 = Release|Any CPU
	EndGlobalSection
	GlobalSection(SolutionProperties) = preSolution
		HideSolutionNode = FALSE
	EndGlobalSection
	GlobalSection(ExtensibilityGlobals) = postSolution
		SolutionGuid = {530D011E-0E35-4A88-B555-062D105E5E3B}
	EndGlobalSection
EndGlobal
